
Microsoft Visual Studio Solution File, Format Version 12.00
# Visual Studio Version 16
VisualStudioVersion = 16.0.29326.143
MinimumVisualStudioVersion = 10.0.40219.1
Project("{FAE04EC0-301F-11D3-BF4B-00C04F79EFBC}") = "zekaOyunu", "zekaOyunu\zekaOyunu.csproj", "{98171583-AD25-4249-9C87-F5E6DA16245C}"
EndProject
Global
	GlobalSection(SolutionConfigurationPlatforms) = preSolution
		Debug|Any CPU = Debug|Any CPU
		Release|Any CPU = Release|Any CPU
	EndGlobalSection
	GlobalSection(ProjectConfigurationPlatforms) = postSolution
		{98171583-AD25-4249-9C87-F5E6DA16245C}.Debug|Any CPU.ActiveCfg = Debug|Any CPU
		{98171583-AD25-4249-9C87-F5E6DA16245C}.Debug|Any CPU.Build.0 = Debug|Any CPU
		{98171583-AD25-4249-9C87-F5E6DA16245C}.Release|Any CPU.ActiveCfg = Release|Any CPU
		{98171583-AD25-4249-9C87-F5E6DA16245C}.Release|Any CPU.Build.0 = Release|Any CPU
	EndGlobalSection
	GlobalSection(SolutionProperties) = preSolution
		HideSolutionNode = FALSE
	EndGlobalSection
	GlobalSection(ExtensibilityGlobals) = postSolution
		SolutionGuid = {E48810C7-8673-4312-A8E6-D143072B7153}
	EndGlobalSection
EndGlobal
